
Microsoft Visual Studio Solution File, Format Version 12.00
# Visual Studio 2013
VisualStudioVersion = 12.0.21005.1
MinimumVisualStudioVersion = 10.0.40219.1
Project("{FAE04EC0-301F-11D3-BF4B-00C04F79EFBC}") = "Eeasyui_EF_Web", "Eeasyui_EF_Web\Eeasyui_EF_Web.csproj", "{C5B53F6B-B17F-442C-96F4-3D7BA4F715FA}"
EndProject
Project("{FAE04EC0-301F-11D3-BF4B-00C04F79EFBC}") = "EFPowerTool", "EFPowerTool\EFPowerTool.csproj", "{B872EBBC-E039-432D-921A-08887BAA1BB3}"
EndProject
Project("{FAE04EC0-301F-11D3-BF4B-00C04F79EFBC}") = "Entity", "Entity\Entity.csproj", "{5B63D234-EB97-4E67-9FA7-F74DA84C2045}"
EndProject
Global
	GlobalSection(SolutionConfigurationPlatforms) = preSolution
		Debug|Any CPU = Debug|Any CPU
		Release|Any CPU = Release|Any CPU
	EndGlobalSection
	GlobalSection(ProjectConfigurationPlatforms) = postSolution
		{C5B53F6B-B17F-442C-96F4-3D7BA4F715FA}.Debug|Any CPU.ActiveCfg = Debug|Any CPU
		{C5B53F6B-B17F-442C-96F4-3D7BA4F715FA}.Debug|Any CPU.Build.0 = Debug|Any CPU
		{C5B53F6B-B17F-442C-96F4-3D7BA4F715FA}.Release|Any CPU.ActiveCfg = Release|Any CPU
		{C5B53F6B-B17F-442C-96F4-3D7BA4F715FA}.Release|Any CPU.Build.0 = Release|Any CPU
		{B872EBBC-E039-432D-921A-08887BAA1BB3}.Debug|Any CPU.ActiveCfg = Debug|Any CPU
		{B872EBBC-E039-432D-921A-08887BAA1BB3}.Debug|Any CPU.Build.0 = Debug|Any CPU
		{B872EBBC-E039-432D-921A-08887BAA1BB3}.Release|Any CPU.ActiveCfg = Release|Any CPU
		{B872EBBC-E039-432D-921A-08887BAA1BB3}.Release|Any CPU.Build.0 = Release|Any CPU
		{5B63D234-EB97-4E67-9FA7-F74DA84C2045}.Debug|Any CPU.ActiveCfg = Debug|Any CPU
		{5B63D234-EB97-4E67-9FA7-F74DA84C2045}.Debug|Any CPU.Build.0 = Debug|Any CPU
		{5B63D234-EB97-4E67-9FA7-F74DA84C2045}.Release|Any CPU.ActiveCfg = Release|Any CPU
		{5B63D234-EB97-4E67-9FA7-F74DA84C2045}.Release|Any CPU.Build.0 = Release|Any CPU
	EndGlobalSection
	GlobalSection(SolutionProperties) = preSolution
		HideSolutionNode = FALSE
	EndGlobalSection
EndGlobal
